
Microsoft Visual Studio Solution File, Format Version 12.00
# Visual Studio Version 16
VisualStudioVersion = 16.0.29326.143
MinimumVisualStudioVersion = 10.0.40219.1
Project("{FAE04EC0-301F-11D3-BF4B-00C04F79EFBC}") = "29.11.2019 first project", "29.11.2019 first project\29.11.2019 first project.csproj", "{50C07942-A57B-4CB5-A8FB-A932EEF532AA}"
EndProject
Global
	GlobalSection(SolutionConfigurationPlatforms) = preSolution
		Debug|Any CPU = Debug|Any CPU
		Release|Any CPU = Release|Any CPU
	EndGlobalSection
	GlobalSection(ProjectConfigurationPlatforms) = postSolution
		{50C07942-A57B-4CB5-A8FB-A932EEF532AA}.Debug|Any CPU.ActiveCfg = Debug|Any CPU
		{50C07942-A57B-4CB5-A8FB-A932EEF532AA}.Debug|Any CPU.Build.0 = Debug|Any CPU
		{50C07942-A57B-4CB5-A8FB-A932EEF532AA}.Release|Any CPU.ActiveCfg = Release|Any CPU
		{50C07942-A57B-4CB5-A8FB-A932EEF532AA}.Release|Any CPU.Build.0 = Release|Any CPU
	EndGlobalSection
	GlobalSection(SolutionProperties) = preSolution
		HideSolutionNode = FALSE
	EndGlobalSection
	GlobalSection(ExtensibilityGlobals) = postSolution
		SolutionGuid = {54224E97-4144-4E1A-AE8C-6D4E4868AE57}
	EndGlobalSection
EndGlobal
